# This file is automatically @generated by Cargo.
# It is not intended for manual editing.
version = 4

[[package]]
name = "bitflags"
version = "2.13.2"
source = "registry+https://github.com/rust-lang/crates.io-index"
checksum = "3ded4057c258ba199e2d26386d3af3780957ecaee6c4ef4041c6b4b8b97c0b06"

[[package]]
name = "bumpalo"
version = "3.20.3"
source = "registry+https://github.com/rust-lang/crates.io-index"
checksum = "72f5acc6cb2ba439de613abc23857ec3d78374d8ed5ac84e9d11336e87da8649"

[[package]]
name = "cc"
version = "1.5.1"
source = "registry+https://github.com/rust-lang/crates.io-index"
checksum = "f360145194ee8e21db5ee7f3fcd4fe52210864c75c985dae33218202c8bbe040"
dependencies = [
 "find-msvc-tools",
 "shlex",
]

[[package]]
name = "cfg-if"
version = "1.0.5"
source = "registry+https://github.com/rust-lang/crates.io-index"
checksum = "4e7648175b45a9a48536d676f68d918270699102aa8dab5496df06904c914600"

[[package]]
name = "cmake"
version = "0.1.58"
source = "registry+https://github.com/rust-lang/crates.io-index"
checksum = "c0f78a02292a74a88ac736019ab962ece0bc380e3f977bf72e376c5d78ff0678"
dependencies = [
 "cc",
]

[[package]]
name = "find-msvc-tools"
version = "0.1.14"
source = "registry+https://github.com/rust-lang/crates.io-index"
checksum = "aedcfb3409746eddb02b9e19ebda1c3394f759a152e48ee875a0844d1b955484"

[[package]]
name = "freetype-rs"
version = "0.38.0"
source = "registry+https://github.com/rust-lang/crates.io-index"
checksum = "6d228d6de56c90dd7585341f341849441b3490180c62d27133e525eb726809b4"
dependencies = [
 "bitflags",
 "freetype-sys",
 "libc",
]

[[package]]
name = "freetype-sys"
version = "0.23.0"
source = "registry+https://github.com/rust-lang/crates.io-index"
checksum = "eab537ce43cab850c64b4cdc390ce7e4f47f877485ddc323208e268280c308ae"
dependencies = [
 "cc",
 "libz-sys",
 "pkg-config",
]

[[package]]
name = "futures-core"
version = "0.3.34"
source = "registry+https://github.com/rust-lang/crates.io-index"
checksum = "92d699e522242e69e3003b94ecc1f960f3a5e015aa7c5d7486e65ad01dd94f5e"

[[package]]
name = "futures-task"
version = "0.3.34"
source = "registry+https://github.com/rust-lang/crates.io-index"
checksum = "cd417de3d1d015fc3bfd2b1ea46dfc7bab72ef86f1cc7cc9c78e728b34a6d1fd"

[[package]]
name = "futures-util"
version = "0.3.34"
source = "registry+https://github.com/rust-lang/crates.io-index"
checksum = "0d50a92467f8ba5dd6e3ee5d4bd04d73ab2e4e1c44474a0674821dfce14b79bc"
dependencies = [
 "futures-core",
 "futures-task",
 "pin-project-lite",
 "slab",
]

[[package]]
name = "glow"
version = "0.18.0"
source = "registry+https://github.com/rust-lang/crates.io-index"
checksum = "263218b0ba2b0715c3370fb04674f5f8aa331594b521c94ff0a8e4a8472d1386"
dependencies = [
 "js-sys",
 "slotmap",
 "wasm-bindgen",
 "web-sys",
]

[[package]]
name = "js-sys"
version = "0.3.106"
source = "registry+https://github.com/rust-lang/crates.io-index"
checksum = "7883d941dae510fb2d978fc3fe018c71c9e2892fd38854de3e8b92c2e5ad9cc5"
dependencies = [
 "cfg-if",
 "futures-util",
 "wasm-bindgen",
]

[[package]]
name = "libc"
version = "0.2.189"
source = "registry+https://github.com/rust-lang/crates.io-index"
checksum = "3eaf3ede3fee6db1a4c2ee091bf8a8b4dccdc6d17f656fb07896ee72867612f2"

[[package]]
name = "libz-sys"
version = "1.1.29"
source = "registry+https://github.com/rust-lang/crates.io-index"
checksum = "85bc9657773828b90eeb625adff10eeac83cc21bbfd8e23a03eaa8a33c9e28d9"
dependencies = [
 "cc",
 "libc",
 "pkg-config",
 "vcpkg",
]

[[package]]
name = "once_cell"
version = "1.21.4"
source = "registry+https://github.com/rust-lang/crates.io-index"
checksum = "9f7c3e4beb33f85d45ae3e3a1792185706c8e16d043238c593331cc7cd313b50"

[[package]]
name = "pin-project-lite"
version = "0.2.17"
source = "registry+https://github.com/rust-lang/crates.io-index"
checksum = "a89322df9ebe1c1578d689c92318e070967d1042b512afbe49518723f4e6d5cd"

[[package]]
name = "pkg-config"
version = "0.3.34"
source = "registry+https://github.com/rust-lang/crates.io-index"
checksum = "f6b464fbc74e149a392436b17d523f769e057cb6877f6a5c4618bc6f11800548"

[[package]]
name = "proc-macro2"
version = "1.0.107"
source = "registry+https://github.com/rust-lang/crates.io-index"
checksum = "985e7ec9bb745e6ce6535b544d84d6cd6f7ad8bd711c398938ae983b91a766d9"
dependencies = [
 "unicode-ident",
]

[[package]]
name = "quote"
version = "1.0.47"
source = "registry+https://github.com/rust-lang/crates.io-index"
checksum = "1fbf4db142a473a8d80c26bbf18454ed458bf8d26c8219c331daecfdbd079001"
dependencies = [
 "proc-macro2",
]

[[package]]
name = "rpkg-config"
version = "0.1.2"
source = "registry+https://github.com/rust-lang/crates.io-index"
checksum = "5a2d2f3481209a6b42eec2fbb49063fb4e8d35b57023401495d4fe0f85c817f0"

[[package]]
name = "rustversion"
version = "1.0.23"
source = "registry+https://github.com/rust-lang/crates.io-index"
checksum = "cf54715a573b99ac80df0bc206da022bcd442c974952c7b9720069370852e21f"

[[package]]
name = "sdl3"
version = "0.20.0"
source = "registry+https://github.com/rust-lang/crates.io-index"
checksum = "f90c470b564b34e7f9ff0719ed7dc05ec71bc73fa4b28e0750a17b8987cf45f8"
dependencies = [
 "bitflags",
 "libc",
 "sdl3-image-sys",
 "sdl3-mixer-sys",
 "sdl3-net-sys",
 "sdl3-sys",
 "sdl3-ttf-sys",
]

[[package]]
name = "sdl3-image-src"
version = "3.4.6"
source = "registry+https://github.com/rust-lang/crates.io-index"
checksum = "bd9494480b91011c3eff1d15235a30c34f758ac4ee6b0a97579b0291d4fc2c85"

[[package]]
name = "sdl3-image-sys"
version = "0.7.0+SDL-image-3.4.6"
source = "registry+https://github.com/rust-lang/crates.io-index"
checksum = "e12eec1cd8dcb6be4430976d9b01ae1dcccc674aea5f5ca2bd7ffb2c881ed79d"
dependencies = [
 "cmake",
 "pkg-config",
 "rpkg-config",
 "sdl3-image-src",
 "sdl3-sys",
 "vcpkg",
]

[[package]]
name = "sdl3-mixer-src"
version = "3.2.4"
source = "registry+https://github.com/rust-lang/crates.io-index"
checksum = "9cd815ae87084588c7dbd027c1667b0a5e21a6b5ae7b22ecb230bc21c7063eca"

[[package]]
name = "sdl3-mixer-sys"
version = "0.7.0+SDL-mixer-3.2.4"
source = "registry+https://github.com/rust-lang/crates.io-index"
checksum = "6150136321198ec95cccfb6168d838f114273a7615d21b513e5277c86f7d3aa1"
dependencies = [
 "cmake",
 "pkg-config",
 "rpkg-config",
 "sdl3-mixer-src",
 "sdl3-sys",
 "vcpkg",
]

[[package]]
name = "sdl3-net-src"
version = "3.2.0"
source = "registry+https://github.com/rust-lang/crates.io-index"
checksum = "f0461903a7545a85fc0ae64bdd642ca86fc58c7e0a9422aa7ab108aba25dc1b9"

[[package]]
name = "sdl3-net-sys"
version = "0.7.0+SDL-net-3.2.0"
source = "registry+https://github.com/rust-lang/crates.io-index"
checksum = "2db35fcc4c810d47fbac59147c1157618d84d7b52aa8644c997e995eef43c5c3"
dependencies = [
 "cmake",
 "rpkg-config",
 "sdl3-net-src",
 "sdl3-sys",
]

[[package]]
name = "sdl3-src"
version = "3.4.16"
source = "registry+https://github.com/rust-lang/crates.io-index"
checksum = "5bfd475a15a4679b94f6579aed7d52c69f3e04d80e6707712373f12903a2ef91"

[[package]]
name = "sdl3-sys"
version = "0.7.1+SDL-3.4.16"
source = "registry+https://github.com/rust-lang/crates.io-index"
checksum = "6c10781cd13b03f18f26af765c9909ac64d362fd645c4fa92db51685c834cf8b"
dependencies = [
 "cc",
 "cmake",
 "pkg-config",
 "rpkg-config",
 "sdl3-src",
 "vcpkg",
]

[[package]]
name = "sdl3-ttf-src"
version = "3.2.3"
source = "registry+https://github.com/rust-lang/crates.io-index"
checksum = "f28923d2ce72ff317d8eb7cec97ddfb8f351c330d7bcbf8c76e91332122c93b3"

[[package]]
name = "sdl3-ttf-sys"
version = "0.7.1+SDL-ttf-3.2.2"
source = "registry+https://github.com/rust-lang/crates.io-index"
checksum = "d254e537d2d96b3e2d6e8a3dd4850a1361b8689c3d95c6c1dfdc02b091307eef"
dependencies = [
 "cmake",
 "pkg-config",
 "rpkg-config",
 "sdl3-sys",
 "sdl3-ttf-src",
 "vcpkg",
]

[[package]]
name = "shlex"
version = "2.0.1"
source = "registry+https://github.com/rust-lang/crates.io-index"
checksum = "f8fadd59c855ef2080decdef8ff161eb6661b86933c9d82e5ba29dc602a55aba"

[[package]]
name = "slab"
version = "0.4.12"
source = "registry+https://github.com/rust-lang/crates.io-index"
checksum = "0c790de23124f9ab44544d7ac05d60440adc586479ce501c1d6d7da3cd8c9cf5"

[[package]]
name = "slotmap"
version = "1.1.1"
source = "registry+https://github.com/rust-lang/crates.io-index"
checksum = "bdd58c3c93c3d278ca835519292445cb4b0d4dc59ccfdf7ceadaab3f8aeb4038"
dependencies = [
 "version_check",
]

[[package]]
name = "syn"
version = "3.0.6"
source = "registry+https://github.com/rust-lang/crates.io-index"
checksum = "8593e8e72159ed2257d083c7a454a85cbf854f37a0966d8d483aff8c8a3ebcee"
dependencies = [
 "proc-macro2",
 "quote",
 "unicode-ident",
]

[[package]]
name = "ui_core"
version = "0.1.0"
dependencies = [
 "freetype-rs",
 "glow",
 "sdl3",
]

[[package]]
name = "ui_demo"
version = "0.1.0"
dependencies = [
 "glow",
 "sdl3",
 "ui_core",
]

[[package]]
name = "unicode-ident"
version = "1.0.26"
source = "registry+https://github.com/rust-lang/crates.io-index"
checksum = "d245f478577f809a851594d02313b640fb437e0bb33866753cff937863096954"

[[package]]
name = "vcpkg"
version = "0.2.15"
source = "registry+https://github.com/rust-lang/crates.io-index"
checksum = "accd4ea62f7bb7a82fe23066fb0957d48ef677f6eeb8215f372f52e48bb32426"

[[package]]
name = "version_check"
version = "0.9.5"
source = "registry+https://github.com/rust-lang/crates.io-index"
checksum = "0b928f33d975fc6ad9f86c8f283853ad26bdd5b10b7f1542aa2fa15e2289105a"

[[package]]
name = "wasm-bindgen"
version = "0.2.129"
source = "registry+https://github.com/rust-lang/crates.io-index"
checksum = "9bb54f33acc68fd454578d9820b0bde1a1a3d17aa17bb7b6595806d02886d409"
dependencies = [
 "cfg-if",
 "once_cell",
 "rustversion",
 "wasm-bindgen-macro",
 "wasm-bindgen-shared",
]

[[package]]
name = "wasm-bindgen-macro"
version = "0.2.129"
source = "registry+https://github.com/rust-lang/crates.io-index"
checksum = "2e29d0c35b16e224a7eeb5cd2d25e3e1968fbd65604117b44d3b789d00ee8535"
dependencies = [
 "quote",
 "wasm-bindgen-macro-support",
]

[[package]]
name = "wasm-bindgen-macro-support"
version = "0.2.129"
source = "registry+https://github.com/rust-lang/crates.io-index"
checksum = "6f501a8bc3719dba86ef8ae4728879c08001bea749eb1333ac5b91e040e2a6b7"
dependencies = [
 "bumpalo",
 "proc-macro2",
 "quote",
 "syn",
 "wasm-bindgen-shared",
]

[[package]]
name = "wasm-bindgen-shared"
version = "0.2.129"
source = "registry+https://github.com/rust-lang/crates.io-index"
checksum = "23f0c9c52aa7cd7d77769a4cfe2a9adb1b331f489a41d912ce14513d5ab995c6"
dependencies = [
 "unicode-ident",
]

[[package]]
name = "web-sys"
version = "0.3.106"
source = "registry+https://github.com/rust-lang/crates.io-index"
checksum = "88261b9deccee56594c11a3460c462c41f58d148598fe70ad77070126a68aba4"
dependencies = [
 "js-sys",
 "wasm-bindgen",
]
